lockfileVersion: '6.0'

settings:
  autoInstallPeers: true
  excludeLinksFromLockfile: false

dependencies:
  '@formatjs/intl-localematcher':
    specifier: ^0.5.2
    version: 0.5.2
  '@inlang/paraglide-js':
    specifier: 1.0.0-prerelease.18
    version: 1.0.0-prerelease.18
  negotiator:
    specifier: ^0.6.3
    version: 0.6.3
  next:
    specifier: 13.5.4
    version: 13.5.4(react-dom@18.2.0)(react@18.2.0)
  next-i18n-router:
    specifier: ^5.0.2
    version: 5.0.2
  next-intl:
    specifier: ^3.3.2
    version: 3.3.2(next@13.5.4)(react@18.2.0)
  react:
    specifier: ^18.2.0
    version: 18.2.0
  react-dom:
    specifier: ^18.2.0
    version: 18.2.0(react@18.2.0)

devDependencies:
  '@types/node':
    specifier: ^20.10.4
    version: 20.10.4
  '@types/react':
    specifier: ^18.2.45
    version: 18.2.45
  '@types/react-dom':
    specifier: ^18.2.17
    version: 18.2.17
  typescript:
    specifier: ^5.3.3
    version: 5.3.3

packages:

  /@formatjs/ecma402-abstract@1.11.4:
    resolution: {integrity: sha512-EBikYFp2JCdIfGEb5G9dyCkTGDmC57KSHhRQOC3aYxoPWVZvfWCDjZwkGYHN7Lis/fmuWl906bnNTJifDQ3sXw==}
    dependencies:
      '@formatjs/intl-localematcher': 0.2.25
      tslib: 2.6.2
    dev: false

  /@formatjs/ecma402-abstract@1.18.0:
    resolution: {integrity: sha512-PEVLoa3zBevWSCZzPIM/lvPCi8P5l4G+NXQMc/CjEiaCWgyHieUoo0nM7Bs0n/NbuQ6JpXEolivQ9pKSBHaDlA==}
    dependencies:
      '@formatjs/intl-localematcher': 0.5.2
      tslib: 2.6.2
    dev: false

  /@formatjs/fast-memoize@1.2.1:
    resolution: {integrity: sha512-Rg0e76nomkz3vF9IPlKeV+Qynok0r7YZjL6syLz4/urSg0IbjPZCB/iYUMNsYA643gh4mgrX3T7KEIFIxJBQeg==}
    dependencies:
      tslib: 2.6.2
    dev: false

  /@formatjs/icu-messageformat-parser@2.1.0:
    resolution: {integrity: sha512-Qxv/lmCN6hKpBSss2uQ8IROVnta2r9jd3ymUEIjm2UyIkUCHVcbUVRGL/KS/wv7876edvsPe+hjHVJ4z8YuVaw==}
    dependencies:
      '@formatjs/ecma402-abstract': 1.11.4
      '@formatjs/icu-skeleton-parser': 1.3.6
      tslib: 2.6.2
    dev: false

  /@formatjs/icu-skeleton-parser@1.3.6:
    resolution: {integrity: sha512-I96mOxvml/YLrwU2Txnd4klA7V8fRhb6JG/4hm3VMNmeJo1F03IpV2L3wWt7EweqNLES59SZ4d6hVOPCSf80Bg==}
    dependencies:
      '@formatjs/ecma402-abstract': 1.11.4
      tslib: 2.6.2
    dev: false

  /@formatjs/intl-localematcher@0.2.25:
    resolution: {integrity: sha512-YmLcX70BxoSopLFdLr1Ds99NdlTI2oWoLbaUW2M406lxOIPzE1KQhRz2fPUkq34xVZQaihCoU29h0KK7An3bhA==}
    dependencies:
      tslib: 2.6.2
    dev: false

  /@formatjs/intl-localematcher@0.2.32:
    resolution: {integrity: sha512-k/MEBstff4sttohyEpXxCmC3MqbUn9VvHGlZ8fauLzkbwXmVrEeyzS+4uhrvAk9DWU9/7otYWxyDox4nT/KVLQ==}
    dependencies:
      tslib: 2.6.2
    dev: false

  /@formatjs/intl-localematcher@0.5.2:
    resolution: {integrity: sha512-txaaE2fiBMagLrR4jYhxzFO6wEdEG4TPMqrzBAcbr4HFUYzH/YC+lg6OIzKCHm8WgDdyQevxbAAV1OgcXctuGw==}
    dependencies:
      tslib: 2.6.2
    dev: false

  /@inlang/detect-json-formatting@1.0.0:
    resolution: {integrity: sha512-o0jeI8U4TgNlsPwI0y92jld8/18Loh2KEgHCYCJ42rCOdxFrA8R60cydlEd2/6jkdHFn5DxKj8rOyiKv3z9uOw==}
    dependencies:
      guess-json-indent: 2.0.0
    dev: false

  /@inlang/json-types@1.1.0(@sinclair/typebox@0.31.28):
    resolution: {integrity: sha512-n6vS6AqETsCFbV4TdBvR/EH57waVXzKsMqeUQ+eH2Q6NUATfKhfLabgNms2A+QV3aedH/hLtb1pRmjl2ykBVZg==}
    peerDependencies:
      '@sinclair/typebox': ^0.31.0
    dependencies:
      '@sinclair/typebox': 0.31.28
    dev: false

  /@inlang/language-tag@1.2.0(@sinclair/typebox@0.31.28):
    resolution: {integrity: sha512-AwKNPYPgJrhM9ebEYQvcG5PGM4v79jMPlsv2bUYEhEZzMpwIJKQo4t7P7EekMhO086sXOmeTu410Lm8abX/2Yw==}
    peerDependencies:
      '@sinclair/typebox': ^0.31.0
    dependencies:
      '@sinclair/typebox': 0.31.28
    dev: false

  /@inlang/message-lint-rule@1.4.0(@sinclair/typebox@0.31.28):
    resolution: {integrity: sha512-imOvpxKFP2ESaWTI5W5aQiW1ukvXMvGa4KhVknssfA1ZkCkVu2EDM4aGxw11U5Rli4QQ70bxztUvfLVhd3J84A==}
    peerDependencies:
      '@sinclair/typebox': ^0.31.17
    dependencies:
      '@inlang/json-types': 1.1.0(@sinclair/typebox@0.31.28)
      '@inlang/language-tag': 1.2.0(@sinclair/typebox@0.31.28)
      '@inlang/message': 2.0.0(@sinclair/typebox@0.31.28)
      '@inlang/project-settings': 2.2.0(@sinclair/typebox@0.31.28)
      '@inlang/translatable': 1.2.0(@sinclair/typebox@0.31.28)
      '@sinclair/typebox': 0.31.28
    dev: false

  /@inlang/message@2.0.0(@sinclair/typebox@0.31.28):
    resolution: {integrity: sha512-RPFcbega2Cnxi78d08O7SbuXyuhEqsB819QjgloNTXWtlBFwVDkF87xAMIZN37hpM6JZzMaYv2O1ipyncU3Ccg==}
    peerDependencies:
      '@sinclair/typebox': ^0.31.0
    dependencies:
      '@inlang/language-tag': 1.2.0(@sinclair/typebox@0.31.28)
      '@sinclair/typebox': 0.31.28
    dev: false

  /@inlang/module@1.2.0(@sinclair/typebox@0.31.28):
    resolution: {integrity: sha512-Z91zJUgliX+ddfRK+Ce4aZYlMjeNwZJOMmJ2dEUgg2cfqIFRB+gDsC5gLEY5LTkZspf/XUHoECTpK8ErVVYF5w==}
    peerDependencies:
      '@sinclair/typebox': ^0.31.17
    dependencies:
      '@inlang/message-lint-rule': 1.4.0(@sinclair/typebox@0.31.28)
      '@inlang/plugin': 2.4.0(@sinclair/typebox@0.31.28)
      '@sinclair/typebox': 0.31.28
    dev: false

  /@inlang/paraglide-js@1.0.0-prerelease.18:
    resolution: {integrity: sha512-umsvAQCExRw7P+yGWFUN5l6yKi+4KNW6x5etzwLpPNkcYoOaoQu71EG7eFgvzD6opi9nmH2GMvTlCBJSoHQPjg==}
    hasBin: true
    dependencies:
      '@inlang/detect-json-formatting': 1.0.0
      '@inlang/sdk': 0.19.0
      '@lix-js/fs': 0.4.0
      commander: 11.1.0
      consola: 3.2.3
      dedent: 1.5.1
      isomorphic-git: 1.24.5
      json5: 2.2.3
      posthog-node: 3.1.3
    transitivePeerDependencies:
      - babel-plugin-macros
      - debug
    dev: false

  /@inlang/plugin@2.4.0(@sinclair/typebox@0.31.28):
    resolution: {integrity: sha512-4+T7ZfuqcW4GFp3G+Vb+RTlYF8kKPY/BH0BcvOV2HX5B9UzgyC+dpXiI3TRQTUj7vz0yqp4K+onsaehPb2NGvw==}
    peerDependencies:
      '@sinclair/typebox': ^0.31.17
    dependencies:
      '@inlang/json-types': 1.1.0(@sinclair/typebox@0.31.28)
      '@inlang/language-tag': 1.2.0(@sinclair/typebox@0.31.28)
      '@inlang/message': 2.0.0(@sinclair/typebox@0.31.28)
      '@inlang/project-settings': 2.2.0(@sinclair/typebox@0.31.28)
      '@inlang/translatable': 1.2.0(@sinclair/typebox@0.31.28)
      '@lix-js/fs': 0.4.0
      '@sinclair/typebox': 0.31.28
    dev: false

  /@inlang/project-settings@2.2.0(@sinclair/typebox@0.31.28):
    resolution: {integrity: sha512-M1D150KYiYoyiHhQp627zhvo/w/M1B11ROEu2u7Jn9005mKEWZS1DDlEOsLuNRl5doHSPHfkGa9qItMtrqr0dA==}
    peerDependencies:
      '@sinclair/typebox': ^0.31.0
    dependencies:
      '@inlang/json-types': 1.1.0(@sinclair/typebox@0.31.28)
      '@inlang/language-tag': 1.2.0(@sinclair/typebox@0.31.28)
      '@sinclair/typebox': 0.31.28
    dev: false

  /@inlang/result@1.1.0:
    resolution: {integrity: sha512-zLGroi9EUiHuOjUOaglUVTFO7EWdo2OARMJLBO1Q5Ga/xJmSQb6XS1lhqEXBFAjgFarfEMX5YEJWWALogYV3wA==}
    dev: false

  /@inlang/sdk@0.19.0:
    resolution: {integrity: sha512-8dS7MJt1RfvejkIW4OzSkenCTiH7XRHvmQgMtzWQBvS/BMmEVTWtt2W+5uLV4t6HYjqedf+lHwBAgdiOHp7/Yg==}
    engines: {node: '>=18.0.0'}
    dependencies:
      '@inlang/json-types': 1.1.0(@sinclair/typebox@0.31.28)
      '@inlang/language-tag': 1.2.0(@sinclair/typebox@0.31.28)
      '@inlang/message': 2.0.0(@sinclair/typebox@0.31.28)
      '@inlang/message-lint-rule': 1.4.0(@sinclair/typebox@0.31.28)
      '@inlang/module': 1.2.0(@sinclair/typebox@0.31.28)
      '@inlang/plugin': 2.4.0(@sinclair/typebox@0.31.28)
      '@inlang/project-settings': 2.2.0(@sinclair/typebox@0.31.28)
      '@inlang/result': 1.1.0
      '@inlang/translatable': 1.2.0(@sinclair/typebox@0.31.28)
      '@lix-js/fs': 0.4.0
      '@sinclair/typebox': 0.31.28
      dedent: 1.5.1
      deepmerge-ts: 5.1.0
      solid-js: 1.6.12
      throttle-debounce: 5.0.0
    transitivePeerDependencies:
      - babel-plugin-macros
    dev: false

  /@inlang/translatable@1.2.0(@sinclair/typebox@0.31.28):
    resolution: {integrity: sha512-Od/nBm3qigfSpYJKu/Isg0rb34ohZApNk+fOtmZ0vBZXsTBzKaYFW0SeBVqwociRCr1tj40N659Ky+RoyLcv8A==}
    peerDependencies:
      '@sinclair/typebox': ^0.31.0
    dependencies:
      '@inlang/language-tag': 1.2.0(@sinclair/typebox@0.31.28)
      '@sinclair/typebox': 0.31.28
    dev: false

  /@lix-js/fs@0.4.0:
    resolution: {integrity: sha512-IOno98FwY+TPinwXzg5dx6xkCwyBCvkv6DMAQjI1Us4rvI9zObfjXd4E2VIGyT7vfUhpXIs4KXmne+onkCDzsg==}
    dependencies:
      js-base64: 3.7.5
    dev: false

  /@next/env@13.5.4:
    resolution: {integrity: sha512-LGegJkMvRNw90WWphGJ3RMHMVplYcOfRWf2Be3td3sUa+1AaxmsYyANsA+znrGCBjXJNi4XAQlSoEfUxs/4kIQ==}
    dev: false

  /@next/swc-darwin-arm64@13.5.4:
    resolution: {integrity: sha512-Df8SHuXgF1p+aonBMcDPEsaahNo2TCwuie7VXED4FVyECvdXfRT9unapm54NssV9tF3OQFKBFOdlje4T43VO0w==}
    engines: {node: '>= 10'}
    cpu: [arm64]
    os: [darwin]
    requiresBuild: true
    dev: false
    optional: true

  /@next/swc-darwin-x64@13.5.4:
    resolution: {integrity: sha512-siPuUwO45PnNRMeZnSa8n/Lye5ZX93IJom9wQRB5DEOdFrw0JjOMu1GINB8jAEdwa7Vdyn1oJ2xGNaQpdQQ9Pw==}
    engines: {node: '>= 10'}
    cpu: [x64]
    os: [darwin]
    requiresBuild: true
    dev: false
    optional: true

  /@next/swc-linux-arm64-gnu@13.5.4:
    resolution: {integrity: sha512-l/k/fvRP/zmB2jkFMfefmFkyZbDkYW0mRM/LB+tH5u9pB98WsHXC0WvDHlGCYp3CH/jlkJPL7gN8nkTQVrQ/2w==}
    engines: {node: '>= 10'}
    cpu: [arm64]
    os: [linux]
    requiresBuild: true
    dev: false
    optional: true

  /@next/swc-linux-arm64-musl@13.5.4:
    resolution: {integrity: sha512-YYGb7SlLkI+XqfQa8VPErljb7k9nUnhhRrVaOdfJNCaQnHBcvbT7cx/UjDQLdleJcfyg1Hkn5YSSIeVfjgmkTg==}
    engines: {node: '>= 10'}
    cpu: [arm64]
    os: [linux]
    requiresBuild: true
    dev: false
    optional: true

  /@next/swc-linux-x64-gnu@13.5.4:
    resolution: {integrity: sha512-uE61vyUSClnCH18YHjA8tE1prr/PBFlBFhxBZis4XBRJoR+txAky5d7gGNUIbQ8sZZ7LVkSVgm/5Fc7mwXmRAg==}
    engines: {node: '>= 10'}
    cpu: [x64]
    os: [linux]
    requiresBuild: true
    dev: false
    optional: true

  /@next/swc-linux-x64-musl@13.5.4:
    resolution: {integrity: sha512-qVEKFYML/GvJSy9CfYqAdUexA6M5AklYcQCW+8JECmkQHGoPxCf04iMh7CPR7wkHyWWK+XLt4Ja7hhsPJtSnhg==}
    engines: {node: '>= 10'}
    cpu: [x64]
    os: [linux]
    requiresBuild: true
    dev: false
    optional: true

  /@next/swc-win32-arm64-msvc@13.5.4:
    resolution: {integrity: sha512-mDSQfqxAlfpeZOLPxLymZkX0hYF3juN57W6vFHTvwKlnHfmh12Pt7hPIRLYIShk8uYRsKPtMTth/EzpwRI+u8w==}
    engines: {node: '>= 10'}
    cpu: [arm64]
    os: [win32]
    requiresBuild: true
    dev: false
    optional: true

  /@next/swc-win32-ia32-msvc@13.5.4:
    resolution: {integrity: sha512-aoqAT2XIekIWoriwzOmGFAvTtVY5O7JjV21giozBTP5c6uZhpvTWRbmHXbmsjZqY4HnEZQRXWkSAppsIBweKqw==}
    engines: {node: '>= 10'}
    cpu: [ia32]
    os: [win32]
    requiresBuild: true
    dev: false
    optional: true

  /@next/swc-win32-x64-msvc@13.5.4:
    resolution: {integrity: sha512-cyRvlAxwlddlqeB9xtPSfNSCRy8BOa4wtMo0IuI9P7Y0XT2qpDrpFKRyZ7kUngZis59mPVla5k8X1oOJ8RxDYg==}
    engines: {node: '>= 10'}
    cpu: [x64]
    os: [win32]
    requiresBuild: true
    dev: false
    optional: true

  /@sinclair/typebox@0.31.28:
    resolution: {integrity: sha512-/s55Jujywdw/Jpan+vsy6JZs1z2ZTGxTmbZTPiuSL2wz9mfzA2gN1zzaqmvfi4pq+uOt7Du85fkiwv5ymW84aQ==}
    dev: false

  /@swc/helpers@0.5.2:
    resolution: {integrity: sha512-E4KcWTpoLHqwPHLxidpOqQbcrZVgi0rsmmZXUle1jXmJfuIf/UWpczUJ7MZZ5tlxytgJXyp0w4PGkkeLiuIdZw==}
    dependencies:
      tslib: 2.6.2
    dev: false

  /@types/node@20.10.4:
    resolution: {integrity: sha512-D08YG6rr8X90YB56tSIuBaddy/UXAA9RKJoFvrsnogAum/0pmjkgi4+2nx96A330FmioegBWmEYQ+syqCFaveg==}
    dependencies:
      undici-types: 5.26.5
    dev: true

  /@types/prop-types@15.7.11:
    resolution: {integrity: sha512-ga8y9v9uyeiLdpKddhxYQkxNDrfvuPrlFb0N1qnZZByvcElJaXthF1UhvCh9TLWJBEHeNtdnbysW7Y6Uq8CVng==}
    dev: true

  /@types/react-dom@18.2.17:
    resolution: {integrity: sha512-rvrT/M7Df5eykWFxn6MYt5Pem/Dbyc1N8Y0S9Mrkw2WFCRiqUgw9P7ul2NpwsXCSM1DVdENzdG9J5SreqfAIWg==}
    dependencies:
      '@types/react': 18.2.45
    dev: true

  /@types/react@18.2.45:
    resolution: {integrity: sha512-TtAxCNrlrBp8GoeEp1npd5g+d/OejJHFxS3OWmrPBMFaVQMSN0OFySozJio5BHxTuTeug00AVXVAjfDSfk+lUg==}
    dependencies:
      '@types/prop-types': 15.7.11
      '@types/scheduler': 0.16.8
      csstype: 3.1.3
    dev: true

  /@types/scheduler@0.16.8:
    resolution: {integrity: sha512-WZLiwShhwLRmeV6zH+GkbOFT6Z6VklCItrDioxUnv+u4Ll+8vKeFySoFyK/0ctcRpOmwAicELfmys1sDc/Rw+A==}
    dev: true

  /async-lock@1.4.0:
    resolution: {integrity: sha512-coglx5yIWuetakm3/1dsX9hxCNox22h7+V80RQOu2XUUMidtArxKoZoOtHUPuR84SycKTXzgGzAUR5hJxujyJQ==}
    dev: false

  /asynckit@0.4.0:
    resolution: {integrity: sha512-Oei9OH4tRh0YqU3GxhX79dM/mwVgvbZJaSNaRk+bshkj0S5cfHcgYakreBjrHwatXKbz+IoIdYLxrKim2MjW0Q==}
    dev: false

  /axios@1.6.2:
    resolution: {integrity: sha512-7i24Ri4pmDRfJTR7LDBhsOTtcm+9kjX5WiY1X3wIisx6G9So3pfMkEiU7emUBe46oceVImccTEM3k6C5dbVW8A==}
    dependencies:
      follow-redirects: 1.15.3
      form-data: 4.0.0
      proxy-from-env: 1.1.0
    transitivePeerDependencies:
      - debug
    dev: false

  /busboy@1.6.0:
    resolution: {integrity: sha512-8SFQbg/0hQ9xy3UNTB0YEnsNBbWfhf7RtnzpL7TkBiTBRfrQ9Fxcnz7VJsleJpyp6rVLvXiuORqjlHi5q+PYuA==}
    engines: {node: '>=10.16.0'}
    dependencies:
      streamsearch: 1.1.0
    dev: false

  /caniuse-lite@1.0.30001570:
    resolution: {integrity: sha512-+3e0ASu4sw1SWaoCtvPeyXp+5PsjigkSt8OXZbF9StH5pQWbxEjLAZE3n8Aup5udop1uRiKA7a4utUk/uoSpUw==}
    dev: false

  /clean-git-ref@2.0.1:
    resolution: {integrity: sha512-bLSptAy2P0s6hU4PzuIMKmMJJSE6gLXGH1cntDu7bWJUksvuM+7ReOK61mozULErYvP6a15rnYl0zFDef+pyPw==}
    dev: false

  /client-only@0.0.1:
    resolution: {integrity: sha512-IV3Ou0jSMzZrd3pZ48nLkT9DA7Ag1pnPzaiQhpW7c3RbcqqzvzzVu+L8gfqMp/8IM2MQtSiqaCxrrcfu8I8rMA==}
    dev: false

  /combined-stream@1.0.8:
    resolution: {integrity: sha512-FQN4MRfuJeHf7cBbBMJFXhKSDq+2kAArBlmRBvcvFE5BB1HZKXtSFASDhdlz9zOYwxh8lDdnvmMOe/+5cdoEdg==}
    engines: {node: '>= 0.8'}
    dependencies:
      delayed-stream: 1.0.0
    dev: false

  /commander@11.1.0:
    resolution: {integrity: sha512-yPVavfyCcRhmorC7rWlkHn15b4wDVgVmBA7kV4QVBsF7kv/9TKJAbAXVTxvTnwP8HHKjRCJDClKbciiYS7p0DQ==}
    engines: {node: '>=16'}
    dev: false

  /consola@3.2.3:
    resolution: {integrity: sha512-I5qxpzLv+sJhTVEoLYNcTW+bThDCPsit0vLNKShZx6rLtpilNpmmeTPaeqJb9ZE9dV3DGaeby6Vuhrw38WjeyQ==}
    engines: {node: ^14.18.0 || >=16.10.0}
    dev: false

  /crc-32@1.2.2:
    resolution: {integrity: sha512-ROmzCKrTnOwybPcJApAA6WBWij23HVfGVNKqqrZpuyZOHqK2CwHSvpGuyt/UNNvaIjEd8X5IFGp4Mh+Ie1IHJQ==}
    engines: {node: '>=0.8'}
    hasBin: true
    dev: false

  /csstype@3.1.3:
    resolution: {integrity: sha512-M1uQkMl8rQK/szD0LNhtqxIPLpimGm8sOBwU7lLnCpSbTyY3yeU1Vc7l4KT5zT4s/yOxHH5O7tIuuLOCnLADRw==}

  /decompress-response@6.0.0:
    resolution: {integrity: sha512-aW35yZM6Bb/4oJlZncMH2LCoZtJXTRxES17vE3hoRiowU2kWHaJKFkSBDnDR+cm9J+9QhXmREyIfv0pji9ejCQ==}
    engines: {node: '>=10'}
    dependencies:
      mimic-response: 3.1.0
    dev: false

  /dedent@1.5.1:
    resolution: {integrity: sha512-+LxW+KLWxu3HW3M2w2ympwtqPrqYRzU8fqi6Fhd18fBALe15blJPI/I4+UHveMVG6lJqB4JNd4UG0S5cnVHwIg==}
    peerDependencies:
      babel-plugin-macros: ^3.1.0
    peerDependenciesMeta:
      babel-plugin-macros:
        optional: true
    dev: false

  /deepmerge-ts@5.1.0:
    resolution: {integrity: sha512-eS8dRJOckyo9maw9Tu5O5RUi/4inFLrnoLkBe3cPfDMx3WZioXtmOew4TXQaxq7Rhl4xjDtR7c6x8nNTxOvbFw==}
    engines: {node: '>=16.0.0'}
    dev: false

  /delayed-stream@1.0.0:
    resolution: {integrity: sha512-ZySD7Nf91aLB0RxL4KGrKHBXl7Eds1DAmEdcoVawXnLD7SDhpNgtuII2aAkg7a7QS41jxPSZ17p4VdGnMHk3MQ==}
    engines: {node: '>=0.4.0'}
    dev: false

  /diff3@0.0.3:
    resolution: {integrity: sha512-iSq8ngPOt0K53A6eVr4d5Kn6GNrM2nQZtC740pzIriHtn4pOQ2lyzEXQMBeVcWERN0ye7fhBsk9PbLLQOnUx/g==}
    dev: false

  /follow-redirects@1.15.3:
    resolution: {integrity: sha512-1VzOtuEM8pC9SFU1E+8KfTjZyMztRsgEfwQl44z8A25uy13jSzTj6dyK2Df52iV0vgHCfBwLhDWevLn95w5v6Q==}
    engines: {node: '>=4.0'}
    peerDependencies:
      debug: '*'
    peerDependenciesMeta:
      debug:
        optional: true
    dev: false

  /form-data@4.0.0:
    resolution: {integrity: sha512-ETEklSGi5t0QMZuiXoA/Q6vcnxcLQP5vdugSpuAyi6SVGi2clPPp+xgEhuMaHC+zGgn31Kd235W35f7Hykkaww==}
    engines: {node: '>= 6'}
    dependencies:
      asynckit: 0.4.0
      combined-stream: 1.0.8
      mime-types: 2.1.35
    dev: false

  /glob-to-regexp@0.4.1:
    resolution: {integrity: sha512-lkX1HJXwyMcprw/5YUZc2s7DrpAiHB21/V+E1rHUrVNokkvB6bqMzT0VfV6/86ZNabt1k14YOIaT7nDvOX3Iiw==}
    dev: false

  /graceful-fs@4.2.11:
    resolution: {integrity: sha512-RbJ5/jmFcNNCcDV5o9eTnBLJ/HszWV0P73bc+Ff4nS/rJj+YaS6IGyiOL0VoBYX+l1Wrl3k63h/KrH+nhJ0XvQ==}
    dev: false

  /guess-json-indent@2.0.0:
    resolution: {integrity: sha512-3Tm6R43KhtZWEVSHZnFmYMV9+gf3Vu0HXNNYtPVk2s7o8eGwYlJPHrjLtYw/7HBc10YxV+bfzKMuOf24z5qFng==}
    engines: {node: '>=16.17.0'}
    dev: false

  /ignore@5.3.0:
    resolution: {integrity: sha512-g7dmpshy+gD7mh88OC9NwSGTKoc3kyLAZQRU1mt53Aw/vnvfXnbC+F/7F7QoYVKbV+KNvJx8wArewKy1vXMtlg==}
    engines: {node: '>= 4'}
    dev: false

  /inherits@2.0.4:
    resolution: {integrity: sha512-k/vGaX4/Yla3WzyMCvTQOXYeIHvqOKtnqBduzTHpzpQZzAskKMhZ2K+EnBiSM9zGSoIFeMpXKxa4dYeZIQqewQ==}
    dev: false

  /intl-messageformat@9.13.0:
    resolution: {integrity: sha512-7sGC7QnSQGa5LZP7bXLDhVDtQOeKGeBFGHF2Y8LVBwYZoQZCgWeKoPGTa5GMG8g/TzDgeXuYJQis7Ggiw2xTOw==}
    dependencies:
      '@formatjs/ecma402-abstract': 1.11.4
      '@formatjs/fast-memoize': 1.2.1
      '@formatjs/icu-messageformat-parser': 2.1.0
      tslib: 2.6.2
    dev: false

  /isomorphic-git@1.24.5:
    resolution: {integrity: sha512-07M4YscftHZJIuw7xZhgWkdFvVjHSBJBsIwWXkxgFCivhb0l8mGNchM7nO2hU27EKSIf0sT4gJivEgLGohWbzA==}
    engines: {node: '>=12'}
    hasBin: true
    dependencies:
      async-lock: 1.4.0
      clean-git-ref: 2.0.1
      crc-32: 1.2.2
      diff3: 0.0.3
      ignore: 5.3.0
      minimisted: 2.0.1
      pako: 1.0.11
      pify: 4.0.1
      readable-stream: 3.6.2
      sha.js: 2.4.11
      simple-get: 4.0.1
    dev: false

  /js-base64@3.7.5:
    resolution: {integrity: sha512-3MEt5DTINKqfScXKfJFrRbxkrnk2AxPWGBL/ycjz4dK8iqiSJ06UxD8jh8xuh6p10TX4t2+7FsBYVxxQbMg+qA==}
    dev: false

  /js-tokens@4.0.0:
    resolution: {integrity: sha512-RdJUflcE3cUzKiMqQgsCu06FPu9UdIJO0beYbPhHN4k6apgJtifcoCtT9bcxOpYBtpD2kCM6Sbzg4CausW/PKQ==}
    dev: false

  /json5@2.2.3:
    resolution: {integrity: sha512-XmOWe7eyHYH14cLdVPoyg+GOH3rYX++KpzrylJwSW98t3Nk+U8XOl8FWKOgwtzdb8lXGf6zYwDUzeHMWfxasyg==}
    engines: {node: '>=6'}
    hasBin: true
    dev: false

  /loose-envify@1.4.0:
    resolution: {integrity: sha512-lyuxPGr/Wfhrlem2CL/UcnUc1zcqKAImBDzukY7Y5F/yQiNdko6+fRLevlw1HgMySw7f611UIY408EtxRSoK3Q==}
    hasBin: true
    dependencies:
      js-tokens: 4.0.0
    dev: false

  /mime-db@1.52.0:
    resolution: {integrity: sha512-sPU4uV7dYlvtWJxwwxHD0PuihVNiE7TyAbQ5SWxDCB9mUYvOgroQOwYQQOKPJ8CIbE+1ETVlOoK1UC2nU3gYvg==}
    engines: {node: '>= 0.6'}
    dev: false

  /mime-types@2.1.35:
    resolution: {integrity: sha512-ZDY+bPm5zTTF+YpCrAU9nK0UgICYPT0QtT1NZWFv4s++TNkcgVaT0g6+4R2uI4MjQjzysHB1zxuWL50hzaeXiw==}
    engines: {node: '>= 0.6'}
    dependencies:
      mime-db: 1.52.0
    dev: false

  /mimic-response@3.1.0:
    resolution: {integrity: sha512-z0yWI+4FDrrweS8Zmt4Ej5HdJmky15+L2e6Wgn3+iK5fWzb6T3fhNFq2+MeTRb064c6Wr4N/wv0DzQTjNzHNGQ==}
    engines: {node: '>=10'}
    dev: false

  /minimist@1.2.8:
    resolution: {integrity: sha512-2yyAR8qBkN3YuheJanUpWC5U3bb5osDywNB8RzDVlDwDHbocAJveqqj1u8+SVD7jkWT4yvsHCpWqqWqAxb0zCA==}
    dev: false

  /minimisted@2.0.1:
    resolution: {integrity: sha512-1oPjfuLQa2caorJUM8HV8lGgWCc0qqAO1MNv/k05G4qslmsndV/5WdNZrqCiyqiz3wohia2Ij2B7w2Dr7/IyrA==}
    dependencies:
      minimist: 1.2.8
    dev: false

  /nanoid@3.3.7:
    resolution: {integrity: sha512-eSRppjcPIatRIMC1U6UngP8XFcz8MQWGQdt1MTBQ7NaAmvXDfvNxbvWV3x2y6CdEUciCSsDHDQZbhYaB8QEo2g==}
    engines: {node: ^10 || ^12 || ^13.7 || ^14 || >=15.0.1}
    hasBin: true
    dev: false

  /negotiator@0.6.3:
    resolution: {integrity: sha512-+EUsqGPLsM+j/zdChZjsnX51g4XrHFOIXwfnCVPGlQk/k5giakcKsuxCObBRu6DSm9opw/O6slWbJdghQM4bBg==}
    engines: {node: '>= 0.6'}
    dev: false

  /next-i18n-router@5.0.2:
    resolution: {integrity: sha512-+pQCAnr5vHkLqqSa8RtkNJzRVTZgbBoyL4AJ2YG0SE1MSzgMC5ew0ALkxcIKInDx+1S4prW6oRdsLapmKw1NVA==}
    dependencies:
      '@formatjs/intl-localematcher': 0.5.2
      negotiator: 0.6.3
    dev: false

  /next-intl@3.3.2(next@13.5.4)(react@18.2.0):
    resolution: {integrity: sha512-iIuIa6UULhClCpXGv/L05vJzAYEXbpMf1SrjSDwbtnFJP3mDjG6rBkffiEIqawfizGzUjnYf5r3GtptRL6MIBg==}
    peerDependencies:
      next: ^10.0.0 || ^11.0.0 || ^12.0.0 || ^13.0.0 || ^14.0.0
      react: ^16.8.0 || ^17.0.0 || ^18.0.0
    dependencies:
      '@formatjs/intl-localematcher': 0.2.32
      negotiator: 0.6.3
      next: 13.5.4(react-dom@18.2.0)(react@18.2.0)
      react: 18.2.0
      use-intl: 3.3.2(react@18.2.0)
    dev: false

  /next@13.5.4(react-dom@18.2.0)(react@18.2.0):
    resolution: {integrity: sha512-+93un5S779gho8y9ASQhb/bTkQF17FNQOtXLKAj3lsNgltEcF0C5PMLLncDmH+8X1EnJH1kbqAERa29nRXqhjA==}
    engines: {node: '>=16.14.0'}
    hasBin: true
    peerDependencies:
      '@opentelemetry/api': ^1.1.0
      react: ^18.2.0
      react-dom: ^18.2.0
      sass: ^1.3.0
    peerDependenciesMeta:
      '@opentelemetry/api':
        optional: true
      sass:
        optional: true
    dependencies:
      '@next/env': 13.5.4
      '@swc/helpers': 0.5.2
      busboy: 1.6.0
      caniuse-lite: 1.0.30001570
      postcss: 8.4.31
      react: 18.2.0
      react-dom: 18.2.0(react@18.2.0)
      styled-jsx: 5.1.1(react@18.2.0)
      watchpack: 2.4.0
    optionalDependencies:
      '@next/swc-darwin-arm64': 13.5.4
      '@next/swc-darwin-x64': 13.5.4
      '@next/swc-linux-arm64-gnu': 13.5.4
      '@next/swc-linux-arm64-musl': 13.5.4
      '@next/swc-linux-x64-gnu': 13.5.4
      '@next/swc-linux-x64-musl': 13.5.4
      '@next/swc-win32-arm64-msvc': 13.5.4
      '@next/swc-win32-ia32-msvc': 13.5.4
      '@next/swc-win32-x64-msvc': 13.5.4
    transitivePeerDependencies:
      - '@babel/core'
      - babel-plugin-macros
    dev: false

  /once@1.4.0:
    resolution: {integrity: sha512-lNaJgI+2Q5URQBkccEKHTQOPaXdUxnZZElQTZY0MFUAuaEqe1E+Nyvgdz/aIyNi6Z9MzO5dv1H8n58/GELp3+w==}
    dependencies:
      wrappy: 1.0.2
    dev: false

  /pako@1.0.11:
    resolution: {integrity: sha512-4hLB8Py4zZce5s4yd9XzopqwVv/yGNhV1Bl8NTmCq1763HeK2+EwVTv+leGeL13Dnh2wfbqowVPXCIO0z4taYw==}
    dev: false

  /picocolors@1.0.0:
    resolution: {integrity: sha512-1fygroTLlHu66zi26VoTDv8yRgm0Fccecssto+MhsZ0D/DGW2sm8E8AjW7NU5VVTRt5GxbeZ5qBuJr+HyLYkjQ==}
    dev: false

  /pify@4.0.1:
    resolution: {integrity: sha512-uB80kBFb/tfd68bVleG9T5GGsGPjJrLAUpR5PZIrhBnIaRTQRjqdJSsIKkOP6OAIFbj7GOrcudc5pNjZ+geV2g==}
    engines: {node: '>=6'}
    dev: false

  /postcss@8.4.31:
    resolution: {integrity: sha512-PS08Iboia9mts/2ygV3eLpY5ghnUcfLV/EXTOW1E2qYxJKGGBUtNjN76FYHnMs36RmARn41bC0AZmn+rR0OVpQ==}
    engines: {node: ^10 || ^12 || >=14}
    dependencies:
      nanoid: 3.3.7
      picocolors: 1.0.0
      source-map-js: 1.0.2
    dev: false

  /posthog-node@3.1.3:
    resolution: {integrity: sha512-UaOOoWEUYTcaaDe1w0fgHW/sXvFr3RO0l7yI7RUDzkZNZCfwXNO9r3pc14d1EtNppF/SHBrV5hNiZZATpf/vUw==}
    engines: {node: '>=15.0.0'}
    dependencies:
      axios: 1.6.2
      rusha: 0.8.14
    transitivePeerDependencies:
      - debug
    dev: false

  /proxy-from-env@1.1.0:
    resolution: {integrity: sha512-D+zkORCbA9f1tdWRK0RaCR3GPv50cMxcrz4X8k5LTSUD1Dkw47mKJEZQNunItRTkWwgtaUSo1RVFRIG9ZXiFYg==}
    dev: false

  /react-dom@18.2.0(react@18.2.0):
    resolution: {integrity: sha512-6IMTriUmvsjHUjNtEDudZfuDQUoWXVxKHhlEGSk81n4YFS+r/Kl99wXiwlVXtPBtJenozv2P+hxDsw9eA7Xo6g==}
    peerDependencies:
      react: ^18.2.0
    dependencies:
      loose-envify: 1.4.0
      react: 18.2.0
      scheduler: 0.23.0
    dev: false

  /react@18.2.0:
    resolution: {integrity: sha512-/3IjMdb2L9QbBdWiW5e3P2/npwMBaU9mHCSCUzNln0ZCYbcfTsGbTJrU/kGemdH2IWmB2ioZ+zkxtmq6g09fGQ==}
    engines: {node: '>=0.10.0'}
    dependencies:
      loose-envify: 1.4.0
    dev: false

  /readable-stream@3.6.2:
    resolution: {integrity: sha512-9u/sniCrY3D5WdsERHzHE4G2YCXqoG5FTHUiCC4SIbr6XcLZBY05ya9EKjYek9O5xOAwjGq+1JdGBAS7Q9ScoA==}
    engines: {node: '>= 6'}
    dependencies:
      inherits: 2.0.4
      string_decoder: 1.3.0
      util-deprecate: 1.0.2
    dev: false

  /rusha@0.8.14:
    resolution: {integrity: sha512-cLgakCUf6PedEu15t8kbsjnwIFFR2D4RfL+W3iWFJ4iac7z4B0ZI8fxy4R3J956kAI68HclCFGL8MPoUVC3qVA==}
    dev: false

  /safe-buffer@5.2.1:
    resolution: {integrity: sha512-rp3So07KcdmmKbGvgaNxQSJr7bGVSVk5S9Eq1F+ppbRo70+YeaDxkw5Dd8NPN+GD6bjnYm2VuPuCXmpuYvmCXQ==}
    dev: false

  /scheduler@0.23.0:
    resolution: {integrity: sha512-CtuThmgHNg7zIZWAXi3AsyIzA3n4xx7aNyjwC2VJldO2LMVDhFK+63xGqq6CsJH4rTAt6/M+N4GhZiDYPx9eUw==}
    dependencies:
      loose-envify: 1.4.0
    dev: false

  /sha.js@2.4.11:
    resolution: {integrity: sha512-QMEp5B7cftE7APOjk5Y6xgrbWu+WkLVQwk8JNjZ8nKRciZaByEW6MubieAiToS7+dwvrjGhH8jRXz3MVd0AYqQ==}
    hasBin: true
    dependencies:
      inherits: 2.0.4
      safe-buffer: 5.2.1
    dev: false

  /simple-concat@1.0.1:
    resolution: {integrity: sha512-cSFtAPtRhljv69IK0hTVZQ+OfE9nePi/rtJmw5UjHeVyVroEqJXP1sFztKUy1qU+xvz3u/sfYJLa947b7nAN2Q==}
    dev: false

  /simple-get@4.0.1:
    resolution: {integrity: sha512-brv7p5WgH0jmQJr1ZDDfKDOSeWWg+OVypG99A/5vYGPqJ6pxiaHLy8nxtFjBA7oMa01ebA9gfh1uMCFqOuXxvA==}
    dependencies:
      decompress-response: 6.0.0
      once: 1.4.0
      simple-concat: 1.0.1
    dev: false

  /solid-js@1.6.12:
    resolution: {integrity: sha512-JFqRobfG3q5r1l4RYVOAukk6+FWtHpXGIjgh/GEsHKweN/kK+iHOtzUALE6+P5t/jIcSNeGiVitX8gmJg+cYvQ==}
    dependencies:
      csstype: 3.1.3
    dev: false

  /source-map-js@1.0.2:
    resolution: {integrity: sha512-R0XvVJ9WusLiqTCEiGCmICCMplcCkIwwR11mOSD9CR5u+IXYdiseeEuXCVAjS54zqwkLcPNnmU4OeJ6tUrWhDw==}
    engines: {node: '>=0.10.0'}
    dev: false

  /streamsearch@1.1.0:
    resolution: {integrity: sha512-Mcc5wHehp9aXz1ax6bZUyY5afg9u2rv5cqQI3mRrYkGC8rW2hM02jWuwjtL++LS5qinSyhj2QfLyNsuc+VsExg==}
    engines: {node: '>=10.0.0'}
    dev: false

  /string_decoder@1.3.0:
    resolution: {integrity: sha512-hkRX8U1WjJFd8LsDJ2yQ/wWWxaopEsABU1XfkM8A+j0+85JAGppt16cr1Whg6KIbb4okU6Mql6BOj+uup/wKeA==}
    dependencies:
      safe-buffer: 5.2.1
    dev: false

  /styled-jsx@5.1.1(react@18.2.0):
    resolution: {integrity: sha512-pW7uC1l4mBZ8ugbiZrcIsiIvVx1UmTfw7UkC3Um2tmfUq9Bhk8IiyEIPl6F8agHgjzku6j0xQEZbfA5uSgSaCw==}
    engines: {node: '>= 12.0.0'}
    peerDependencies:
      '@babel/core': '*'
      babel-plugin-macros: '*'
      react: '>= 16.8.0 || 17.x.x || ^18.0.0-0'
    peerDependenciesMeta:
      '@babel/core':
        optional: true
      babel-plugin-macros:
        optional: true
    dependencies:
      client-only: 0.0.1
      react: 18.2.0
    dev: false

  /throttle-debounce@5.0.0:
    resolution: {integrity: sha512-2iQTSgkkc1Zyk0MeVrt/3BvuOXYPl/R8Z0U2xxo9rjwNciaHDG3R+Lm6dh4EeUci49DanvBnuqI6jshoQQRGEg==}
    engines: {node: '>=12.22'}
    dev: false

  /tslib@2.6.2:
    resolution: {integrity: sha512-AEYxH93jGFPn/a2iVAwW87VuUIkR1FVUKB77NwMF7nBTDkDrrT/Hpt/IrCJ0QXhW27jTBDcf5ZY7w6RiqTMw2Q==}
    dev: false

  /typescript@5.3.3:
    resolution: {integrity: sha512-pXWcraxM0uxAS+tN0AG/BF2TyqmHO014Z070UsJ+pFvYuRSq8KH8DmWpnbXe0pEPDHXZV3FcAbJkijJ5oNEnWw==}
    engines: {node: '>=14.17'}
    hasBin: true
    dev: true

  /undici-types@5.26.5:
    resolution: {integrity: sha512-JlCMO+ehdEIKqlFxk6IfVoAUVmgz7cU7zD/h9XZ0qzeosSHmUJVOzSQvvYSYWXkFXC+IfLKSIffhv0sVZup6pA==}
    dev: true

  /use-intl@3.3.2(react@18.2.0):
    resolution: {integrity: sha512-9m16djCkEbdYt6PBQH2uX+pfZFkMhowmmSqXsysdYWXP11ggKNtRMqknBM4CJTQvtNq25ajSEoZOu8ii4lr8pw==}
    peerDependencies:
      react: ^16.8.0 || ^17.0.0 || ^18.0.0
    dependencies:
      '@formatjs/ecma402-abstract': 1.18.0
      intl-messageformat: 9.13.0
      react: 18.2.0
    dev: false

  /util-deprecate@1.0.2:
    resolution: {integrity: sha512-EPD5q1uXyFxJpCrLnCc1nHnq3gOa6DZBocAIiI2TaSCA7VCJ1UJDMagCzIkXNsUYfD1daK//LTEQ8xiIbrHtcw==}
    dev: false

  /watchpack@2.4.0:
    resolution: {integrity: sha512-Lcvm7MGST/4fup+ifyKi2hjyIAwcdI4HRgtvTpIUxBRhB+RFtUh8XtDOxUfctVCnhVi+QQj49i91OyvzkJl6cg==}
    engines: {node: '>=10.13.0'}
    dependencies:
      glob-to-regexp: 0.4.1
      graceful-fs: 4.2.11
    dev: false

  /wrappy@1.0.2:
    resolution: {integrity: sha512-l4Sp/DRseor9wL6EvV2+TuQn63dMkPjZ/sp9XkghTEbV9KlPS1xUsZ3u7/IQO4wxtcFB4bgpQPRcR3QCvezPcQ==}
    dev: false
